github.com/jtejido/ggsl v0.0.0-20200524201945-4076179cce8a h1:T9XE8PSWlP/u1Id2X1+oheANC84+oM+Mi1BN9apMC9A=
github.com/jtejido/ggsl v0.0.0-20200524201945-4076179cce8a/go.mod h1:+jL1I3QGUV/wYqGDf0Qi5MeXdfrq+kM5bRI4LwdGYjc=
github.com/jtejido/linear v0.0.0-20220119093824-cbbc496d7d02 h1:D1af+iJFQM3W4HQ7SDjpmTDAy5i20S2X1U2fRHkPQ0o=
github.com/jtejido/linear v0.0.0-20220119093824-cbbc496d7d02/go.mod h1:VSIKpid3yLbMaMo5F6ZG7zEqT3zRieix0UHDW+b80Lg=
github.com/jtejido/roots v0.0.0-20220119094802-6adf09b81c49 h1:kqluM7ZYuQlCQY3uKjlb5ggbYPAMcMdpR+W8qbHiSmw=
github.com/jtejido/roots v0.0.0-20220119094802-6adf09b81c49/go.mod h1:II2BnZMrSfCjRLz9V2KviHtT4O2Z+WNGqgcu/EgWv8Q=
github.com/jtejido/trig v0.0.0-20220119091849-45c20270c885 h1:vnDfl+uRH5iSJ87+HzHkvh1tEWEyzdjPXpljBJkR10I=
github.com/jtejido/trig v0.0.0-20220119091849-45c20270c885/go.mod h1:zVMKUY27dmVXVqvz1GHLOasd//K9RpUYzrk8iTPyxTw=
